
Microsoft Visual Studio Solution File, Format Version 12.00
# Visual Studio Version 16
VisualStudioVersion = 25.0.1706.5
MinimumVisualStudioVersion = 10.0.40219.1
Project("{FAE04EC0-301F-11D3-BF4B-00C04F79EFBC}") = "SerensiaTest", "SerensiaTest\SerensiaTest.csproj", "{0392CFD7-5FE8-44E9-A381-187412A40749}"
EndProject
Project("{FAE04EC0-301F-11D3-BF4B-00C04F79EFBC}") = "SerensiaTest.Tests", "SerensiaTest.Tests\SerensiaTest.Tests.csproj", "{D18D138C-5141-49C0-9734-D03F2B92B103}"
EndProject
Global
	GlobalSection(SolutionConfigurationPlatforms) = preSolution
		Debug|Any CPU = Debug|Any CPU
		Release|Any CPU = Release|Any CPU
	EndGlobalSection
	GlobalSection(ProjectConfigurationPlatforms) = postSolution
		{0392CFD7-5FE8-44E9-A381-187412A40749}.Debug|Any CPU.ActiveCfg = Debug|Any CPU
		{0392CFD7-5FE8-44E9-A381-187412A40749}.Debug|Any CPU.Build.0 = Debug|Any CPU
		{0392CFD7-5FE8-44E9-A381-187412A40749}.Release|Any CPU.ActiveCfg = Release|Any CPU
		{0392CFD7-5FE8-44E9-A381-187412A40749}.Release|Any CPU.Build.0 = Release|Any CPU
		{D18D138C-5141-49C0-9734-D03F2B92B103}.Debug|Any CPU.ActiveCfg = Debug|Any CPU
		{D18D138C-5141-49C0-9734-D03F2B92B103}.Debug|Any CPU.Build.0 = Debug|Any CPU
		{D18D138C-5141-49C0-9734-D03F2B92B103}.Release|Any CPU.ActiveCfg = Release|Any CPU
		{D18D138C-5141-49C0-9734-D03F2B92B103}.Release|Any CPU.Build.0 = Release|Any CPU
	EndGlobalSection
	GlobalSection(SolutionProperties) = preSolution
		HideSolutionNode = FALSE
	EndGlobalSection
	GlobalSection(ExtensibilityGlobals) = postSolution
		SolutionGuid = {C19869E9-E2DA-4A05-ADED-621A5B932C32}
	EndGlobalSection
EndGlobal
